<?xml version="1.0" encoding="utf-8"?>
<Project ToolsVersion="4.0" xmlns="http://schemas.microsoft.com/developer/msbuild/2003">
  <ItemGroup>
    <Filter Include="src">
      <UniqueIdentifier>{2DAB880B-99B4-887C-2230-9F7C8E38947C}</UniqueIdentifier>
    </Filter>
    <Filter Include="src\Blaze">
      <UniqueIdentifier>{6A45A3B2-D6AF-5729-1FEE-08CF8B97357E}</UniqueIdentifier>
    </Filter>
    <Filter Include="src\Blaze\Core">
      <UniqueIdentifier>{025C32BF-EE29-26C5-D7BD-96EBC32A022A}</UniqueIdentifier>
    </Filter>
    <Filter Include="src\Blaze\Error">
      <UniqueIdentifier>{23B4A3A5-8F3F-116A-9850-945E045B6D6A}</UniqueIdentifier>
    </Filter>
    <Filter Include="src\Blaze\Event">
      <UniqueIdentifier>{3BAEA5A5-A739-136A-B04A-965E1C556F6A}</UniqueIdentifier>
    </Filter>
    <Filter Include="src\Blaze\Logging">
      <UniqueIdentifier>{00F06DB0-6C06-6C46-B57D-F76721D33CCE}</UniqueIdentifier>
    </Filter>
    <Filter Include="vendor">
      <UniqueIdentifier>{B3738122-9F15-ACF8-88D0-BF4C74113349}</UniqueIdentifier>
    </Filter>
    <Filter Include="vendor\GLAD">
      <UniqueIdentifier>{1A7667C1-862B-E0B6-0F20-DA8D7BD4D6BA}</UniqueIdentifier>
    </Filter>
    <Filter Include="vendor\GLAD\src">
      <UniqueIdentifier>{31B12476-9D3C-923A-A64D-152F1258EE3A}</UniqueIdentifier>
    </Filter>
    <Filter Include="vendor\imgui">
      <UniqueIdentifier>{5D3BD0F0-499E-5F95-F223-984BDE652B18}</UniqueIdentifier>
    </Filter>
    <Filter Include="vendor\imgui\src">
      <UniqueIdentifier>{F45F240B-E058-435D-098B-28E2F5E22269}</UniqueIdentifier>
    </Filter>
  </ItemGroup>
  <ItemGroup>
    <ClInclude Include="src\Blaze.h">
      <Filter>src</Filter>
    </ClInclude>
    <ClInclude Include="src\Blaze\Core\Application.h">
      <Filter>src\Blaze\Core</Filter>
    </ClInclude>
    <ClInclude Include="src\Blaze\Core\Core.h">
      <Filter>src\Blaze\Core</Filter>
    </ClInclude>
    <ClInclude Include="src\Blaze\Core\EntryPoint.h">
      <Filter>src\Blaze\Core</Filter>
    </ClInclude>
    <ClInclude Include="src\Blaze\Core\Window.h">
      <Filter>src\Blaze\Core</Filter>
    </ClInclude>
    <ClInclude Include="src\Blaze\Error\ErrorHandler.h">
      <Filter>src\Blaze\Error</Filter>
    </ClInclude>
    <ClInclude Include="src\Blaze\Event\KeyEvent.h">
      <Filter>src\Blaze\Event</Filter>
    </ClInclude>
    <ClInclude Include="src\Blaze\Event\MouseEvent.h">
      <Filter>src\Blaze\Event</Filter>
    </ClInclude>
    <ClInclude Include="src\Blaze\Logging\Log.h">
      <Filter>src\Blaze\Logging</Filter>
    </ClInclude>
    <ClInclude Include="src\bzpch.h">
      <Filter>src</Filter>
    </ClInclude>
    <ClInclude Include="vendor\imgui\src\imconfig.h">
      <Filter>vendor\imgui\src</Filter>
    </ClInclude>
    <ClInclude Include="vendor\imgui\src\imgui.h">
      <Filter>vendor\imgui\src</Filter>
    </ClInclude>
    <ClInclude Include="vendor\imgui\src\imgui_internal.h">
      <Filter>vendor\imgui\src</Filter>
    </ClInclude>
    <ClInclude Include="vendor\imgui\src\imstb_rectpack.h">
      <Filter>vendor\imgui\src</Filter>
    </ClInclude>
    <ClInclude Include="vendor\imgui\src\imstb_textedit.h">
      <Filter>vendor\imgui\src</Filter>
    </ClInclude>
    <ClInclude Include="vendor\imgui\src\imstb_truetype.h">
      <Filter>vendor\imgui\src</Filter>
    </ClInclude>
    <ClInclude Include="src\Blaze\Renderer\Renderer.h" />
    <ClInclude Include="src\Blaze\Renderer\GameObject.h" />
  </ItemGroup>
  <ItemGroup>
    <ClCompile Include="src\Blaze\Core\Application.cpp">
      <Filter>src\Blaze\Core</Filter>
    </ClCompile>
    <ClCompile Include="src\Blaze\Core\Window.cpp">
      <Filter>src\Blaze\Core</Filter>
    </ClCompile>
    <ClCompile Include="src\Blaze\Logging\Log.cpp">
      <Filter>src\Blaze\Logging</Filter>
    </ClCompile>
    <ClCompile Include="src\bzpch.cpp">
      <Filter>src</Filter>
    </ClCompile>
    <ClCompile Include="vendor\GLAD\src\glad.c">
      <Filter>vendor\GLAD\src</Filter>
    </ClCompile>
    <ClCompile Include="vendor\imgui\src\imgui.cpp">
      <Filter>vendor\imgui\src</Filter>
    </ClCompile>
    <ClCompile Include="vendor\imgui\src\imgui_demo.cpp">
      <Filter>vendor\imgui\src</Filter>
    </ClCompile>
    <ClCompile Include="vendor\imgui\src\imgui_draw.cpp">
      <Filter>vendor\imgui\src</Filter>
    </ClCompile>
    <ClCompile Include="vendor\imgui\src\imgui_tables.cpp">
      <Filter>vendor\imgui\src</Filter>
    </ClCompile>
    <ClCompile Include="vendor\imgui\src\imgui_widgets.cpp">
      <Filter>vendor\imgui\src</Filter>
    </ClCompile>
    <ClCompile Include="src\Blaze\Renderer\Renderer.cpp" />
    <ClCompile Include="src\Blaze\Renderer\GameObject.cpp" />
  </ItemGroup>
</Project>