<?xml version="1.0" encoding="utf-8"?>
<Project ToolsVersion="4.0" xmlns="http://schemas.microsoft.com/developer/msbuild/2003">
  <ItemGroup>
    <Filter Include="Blaze">
      <UniqueIdentifier>{1337E60C-7F4B-0EBE-48CD-B11DB4A00AEF}</UniqueIdentifier>
    </Filter>
    <Filter Include="Blaze\Core">
      <UniqueIdentifier>{4BBF2B88-3777-6DD5-A07E-46318C5508C6}</UniqueIdentifier>
    </Filter>
    <Filter Include="Blaze\Error">
      <UniqueIdentifier>{8C80C98D-F835-4283-812A-3C5AEDDE3887}</UniqueIdentifier>
    </Filter>
    <Filter Include="Blaze\Event">
      <UniqueIdentifier>{A47ACB8D-1030-4483-9924-3E5A05D93A87}</UniqueIdentifier>
    </Filter>
    <Filter Include="Blaze\Logging">
      <UniqueIdentifier>{A97A3839-153B-B46F-DE75-FDEC4AF5F84B}</UniqueIdentifier>
    </Filter>
  </ItemGroup>
  <ItemGroup>
    <ClInclude Include="src\Blaze.h" />
    <ClInclude Include="src\Blaze\Core\Application.h">
      <Filter>Blaze\Core</Filter>
    </ClInclude>
    <ClInclude Include="src\Blaze\Core\Core.h">
      <Filter>Blaze\Core</Filter>
    </ClInclude>
    <ClInclude Include="src\Blaze\Core\EntryPoint.h">
      <Filter>Blaze\Core</Filter>
    </ClInclude>
    <ClInclude Include="src\Blaze\Core\Window.h">
      <Filter>Blaze\Core</Filter>
    </ClInclude>
    <ClInclude Include="src\Blaze\Error\ErrorHandler.h">
      <Filter>Blaze\Error</Filter>
    </ClInclude>
    <ClInclude Include="src\Blaze\Event\KeyEvent.h">
      <Filter>Blaze\Event</Filter>
    </ClInclude>
    <ClInclude Include="src\Blaze\Event\MouseEvent.h">
      <Filter>Blaze\Event</Filter>
    </ClInclude>
    <ClInclude Include="src\Blaze\Logging\Log.h">
      <Filter>Blaze\Logging</Filter>
    </ClInclude>
    <ClInclude Include="src\bzpch.h" />
  </ItemGroup>
  <ItemGroup>
    <ClCompile Include="src\Blaze\Core\Application.cpp">
      <Filter>Blaze\Core</Filter>
    </ClCompile>
    <ClCompile Include="src\Blaze\Core\Window.cpp">
      <Filter>Blaze\Core</Filter>
    </ClCompile>
    <ClCompile Include="src\Blaze\Logging\Log.cpp">
      <Filter>Blaze\Logging</Filter>
    </ClCompile>
    <ClCompile Include="src\bzpch.cpp" />
  </ItemGroup>
</Project>